
Microsoft Visual Studio Solution File, Format Version 12.00
# Visual Studio 15
VisualStudioVersion = 15.0.27004.2008
MinimumVisualStudioVersion = 10.0.40219.1
Project("{D954291E-2A0B-460D-934E-DC6B0785DB48}") = "Zoerator", "Zoerator\Zoerator\Zoerator.shproj", "{B75CAA5B-61BE-4BA6-B342-8DF97FD65EDA}"
EndProject
Project("{FAE04EC0-301F-11D3-BF4B-00C04F79EFBC}") = "Zoerator.Android", "Zoerator\Zoerator.Android\Zoerator.Android.csproj", "{1637F005-E01E-4914-AC49-8FCDB8B2E638}"
EndProject
Project("{FAE04EC0-301F-11D3-BF4B-00C04F79EFBC}") = "Zoerator.iOS", "Zoerator\Zoerator.iOS\Zoerator.iOS.csproj", "{4A229E09-DDEE-4FD8-A555-AA71E8B70593}"
EndProject
Global
	GlobalSection(SharedMSBuildProjectFiles) = preSolution
		Zoerator\Zoerator\Zoerator.projitems*{1637f005-e01e-4914-ac49-8fcdb8b2e638}*SharedItemsImports = 4
		Zoerator\Zoerator\Zoerator.projitems*{4a229e09-ddee-4fd8-a555-aa71e8b70593}*SharedItemsImports = 4
		Zoerator\Zoerator\Zoerator.projitems*{b75caa5b-61be-4ba6-b342-8df97fd65eda}*SharedItemsImports = 13
	EndGlobalSection
	GlobalSection(SolutionConfigurationPlatforms) = preSolution
		Ad-Hoc|Any CPU = Ad-Hoc|Any CPU
		Ad-Hoc|iPhone = Ad-Hoc|iPhone
		Ad-Hoc|iPhoneSimulator = Ad-Hoc|iPhoneSimulator
		AppStore|Any CPU = AppStore|Any CPU
		AppStore|iPhone = AppStore|iPhone
		AppStore|iPhoneSimulator = AppStore|iPhoneSimulator
		Debug|Any CPU = Debug|Any CPU
		Debug|iPhone = Debug|iPhone
		Debug|iPhoneSimulator = Debug|iPhoneSimulator
		Release|Any CPU = Release|Any CPU
		Release|iPhone = Release|iPhone
		Release|iPhoneSimulator = Release|iPhoneSimulator
	EndGlobalSection
	GlobalSection(ProjectConfigurationPlatforms) = postSolution
		{1637F005-E01E-4914-AC49-8FCDB8B2E638}.Ad-Hoc|Any CPU.ActiveCfg = Release|Any CPU
		{1637F005-E01E-4914-AC49-8FCDB8B2E638}.Ad-Hoc|Any CPU.Build.0 = Release|Any CPU
		{1637F005-E01E-4914-AC49-8FCDB8B2E638}.Ad-Hoc|Any CPU.Deploy.0 = Release|Any CPU
		{1637F005-E01E-4914-AC49-8FCDB8B2E638}.Ad-Hoc|iPhone.ActiveCfg = Release|Any CPU
		{1637F005-E01E-4914-AC49-8FCDB8B2E638}.Ad-Hoc|iPhone.Build.0 = Release|Any CPU
		{1637F005-E01E-4914-AC49-8FCDB8B2E638}.Ad-Hoc|iPhone.Deploy.0 = Release|Any CPU
		{1637F005-E01E-4914-AC49-8FCDB8B2E638}.Ad-Hoc|iPhoneSimulator.ActiveCfg = Release|Any CPU
		{1637F005-E01E-4914-AC49-8FCDB8B2E638}.Ad-Hoc|iPhoneSimulator.Build.0 = Release|Any CPU
		{1637F005-E01E-4914-AC49-8FCDB8B2E638}.Ad-Hoc|iPhoneSimulator.Deploy.0 = Release|Any CPU
		{1637F005-E01E-4914-AC49-8FCDB8B2E638}.AppStore|Any CPU.ActiveCfg = Release|Any CPU
		{1637F005-E01E-4914-AC49-8FCDB8B2E638}.AppStore|Any CPU.Build.0 = Release|Any CPU
		{1637F005-E01E-4914-AC49-8FCDB8B2E638}.AppStore|Any CPU.Deploy.0 = Release|Any CPU
		{1637F005-E01E-4914-AC49-8FCDB8B2E638}.AppStore|iPhone.ActiveCfg = Release|Any CPU
		{1637F005-E01E-4914-AC49-8FCDB8B2E638}.AppStore|iPhone.Build.0 = Release|Any CPU
		{1637F005-E01E-4914-AC49-8FCDB8B2E638}.AppStore|iPhone.Deploy.0 = Release|Any CPU
		{1637F005-E01E-4914-AC49-8FCDB8B2E638}.AppStore|iPhoneSimulator.ActiveCfg = Release|Any CPU
		{1637F005-E01E-4914-AC49-8FCDB8B2E638}.AppStore|iPhoneSimulator.Build.0 = Release|Any CPU
		{1637F005-E01E-4914-AC49-8FCDB8B2E638}.AppStore|iPhoneSimulator.Deploy.0 = Release|Any CPU
		{1637F005-E01E-4914-AC49-8FCDB8B2E638}.Debug|Any CPU.ActiveCfg = Debug|Any CPU
		{1637F005-E01E-4914-AC49-8FCDB8B2E638}.Debug|Any CPU.Build.0 = Debug|Any CPU
		{1637F005-E01E-4914-AC49-8FCDB8B2E638}.Debug|Any CPU.Deploy.0 = Debug|Any CPU
		{1637F005-E01E-4914-AC49-8FCDB8B2E638}.Debug|iPhone.ActiveCfg = Debug|Any CPU
		{1637F005-E01E-4914-AC49-8FCDB8B2E638}.Debug|iPhone.Build.0 = Debug|Any CPU
		{1637F005-E01E-4914-AC49-8FCDB8B2E638}.Debug|iPhone.Deploy.0 = Debug|Any CPU
		{1637F005-E01E-4914-AC49-8FCDB8B2E638}.Debug|iPhoneSimulator.ActiveCfg = Debug|Any CPU
		{1637F005-E01E-4914-AC49-8FCDB8B2E638}.Debug|iPhoneSimulator.Build.0 = Debug|Any CPU
		{1637F005-E01E-4914-AC49-8FCDB8B2E638}.Debug|iPhoneSimulator.Deploy.0 = Debug|Any CPU
		{1637F005-E01E-4914-AC49-8FCDB8B2E638}.Release|Any CPU.ActiveCfg = Release|Any CPU
		{1637F005-E01E-4914-AC49-8FCDB8B2E638}.Release|Any CPU.Build.0 = Release|Any CPU
		{1637F005-E01E-4914-AC49-8FCDB8B2E638}.Release|Any CPU.Deploy.0 = Release|Any CPU
		{1637F005-E01E-4914-AC49-8FCDB8B2E638}.Release|iPhone.ActiveCfg = Release|Any CPU
		{1637F005-E01E-4914-AC49-8FCDB8B2E638}.Release|iPhone.Build.0 = Release|Any CPU
		{1637F005-E01E-4914-AC49-8FCDB8B2E638}.Release|iPhone.Deploy.0 = Release|Any CPU
		{1637F005-E01E-4914-AC49-8FCDB8B2E638}.Release|iPhoneSimulator.ActiveCfg = Release|Any CPU
		{1637F005-E01E-4914-AC49-8FCDB8B2E638}.Release|iPhoneSimulator.Build.0 = Release|Any CPU
		{1637F005-E01E-4914-AC49-8FCDB8B2E638}.Release|iPhoneSimulator.Deploy.0 = Release|Any CPU
		{4A229E09-DDEE-4FD8-A555-AA71E8B70593}.Ad-Hoc|Any CPU.ActiveCfg = Ad-Hoc|iPhoneSimulator
		{4A229E09-DDEE-4FD8-A555-AA71E8B70593}.Ad-Hoc|iPhone.ActiveCfg = Ad-Hoc|iPhone
		{4A229E09-DDEE-4FD8-A555-AA71E8B70593}.Ad-Hoc|iPhone.Build.0 = Ad-Hoc|iPhone
		{4A229E09-DDEE-4FD8-A555-AA71E8B70593}.Ad-Hoc|iPhoneSimulator.ActiveCfg = Ad-Hoc|iPhoneSimulator
		{4A229E09-DDEE-4FD8-A555-AA71E8B70593}.Ad-Hoc|iPhoneSimulator.Build.0 = Ad-Hoc|iPhoneSimulator
		{4A229E09-DDEE-4FD8-A555-AA71E8B70593}.AppStore|Any CPU.ActiveCfg = AppStore|iPhoneSimulator
		{4A229E09-DDEE-4FD8-A555-AA71E8B70593}.AppStore|iPhone.ActiveCfg = AppStore|iPhone
		{4A229E09-DDEE-4FD8-A555-AA71E8B70593}.AppStore|iPhone.Build.0 = AppStore|iPhone
		{4A229E09-DDEE-4FD8-A555-AA71E8B70593}.AppStore|iPhoneSimulator.ActiveCfg = AppStore|iPhoneSimulator
		{4A229E09-DDEE-4FD8-A555-AA71E8B70593}.AppStore|iPhoneSimulator.Build.0 = AppStore|iPhoneSimulator
		{4A229E09-DDEE-4FD8-A555-AA71E8B70593}.Debug|Any CPU.ActiveCfg = Debug|iPhoneSimulator
		{4A229E09-DDEE-4FD8-A555-AA71E8B70593}.Debug|iPhone.ActiveCfg = Debug|iPhone
		{4A229E09-DDEE-4FD8-A555-AA71E8B70593}.Debug|iPhone.Build.0 = Debug|iPhone
		{4A229E09-DDEE-4FD8-A555-AA71E8B70593}.Debug|iPhoneSimulator.ActiveCfg = Debug|iPhoneSimulator
		{4A229E09-DDEE-4FD8-A555-AA71E8B70593}.Debug|iPhoneSimulator.Build.0 = Debug|iPhoneSimulator
		{4A229E09-DDEE-4FD8-A555-AA71E8B70593}.Release|Any CPU.ActiveCfg = Release|iPhoneSimulator
		{4A229E09-DDEE-4FD8-A555-AA71E8B70593}.Release|iPhone.ActiveCfg = Release|iPhone
		{4A229E09-DDEE-4FD8-A555-AA71E8B70593}.Release|iPhone.Build.0 = Release|iPhone
		{4A229E09-DDEE-4FD8-A555-AA71E8B70593}.Release|iPhoneSimulator.ActiveCfg = Release|iPhoneSimulator
		{4A229E09-DDEE-4FD8-A555-AA71E8B70593}.Release|iPhoneSimulator.Build.0 = Release|iPhoneSimulator
	EndGlobalSection
	GlobalSection(SolutionProperties) = preSolution
		HideSolutionNode = FALSE
	EndGlobalSection
	GlobalSection(ExtensibilityGlobals) = postSolution
		SolutionGuid = {30CA992F-B8A5-4FC7-BAB9-57C6BF21A5DD}
	EndGlobalSection
EndGlobal
